
Microsoft Visual Studio Solution File, Format Version 12.00
# Visual Studio Version 16
VisualStudioVersion = 16.0.29424.173
MinimumVisualStudioVersion = 10.0.40219.1
Project("{9A19103F-16F7-4668-BE54-9A1E7A4F7556}") = "webapi", "webapi.csproj", "{A2CAE64A-A7B0-42F5-9295-F8A9808BAA7A}"
EndProject
Global
	GlobalSection(SolutionConfigurationPlatforms) = preSolution
		Debug|Any CPU = Debug|Any CPU
		Release|Any CPU = Release|Any CPU
	EndGlobalSection
	GlobalSection(ProjectConfigurationPlatforms) = postSolution
		{A2CAE64A-A7B0-42F5-9295-F8A9808BAA7A}.Debug|Any CPU.ActiveCfg = Debug|Any CPU
		{A2CAE64A-A7B0-42F5-9295-F8A9808BAA7A}.Debug|Any CPU.Build.0 = Debug|Any CPU
		{A2CAE64A-A7B0-42F5-9295-F8A9808BAA7A}.Release|Any CPU.ActiveCfg = Release|Any CPU
		{A2CAE64A-A7B0-42F5-9295-F8A9808BAA7A}.Release|Any CPU.Build.0 = Release|Any CPU
	EndGlobalSection
	GlobalSection(SolutionProperties) = preSolution
		HideSolutionNode = FALSE
	EndGlobalSection
	GlobalSection(ExtensibilityGlobals) = postSolution
		SolutionGuid = {66AB600C-AFEF-43A8-9782-D47345686791}
	EndGlobalSection
EndGlobal
